<?xml version="1.0" encoding="utf-8"?>
<Project ToolsVersion="4.0" xmlns="http://schemas.microsoft.com/developer/msbuild/2003">
  <ItemGroup>
    <Filter Include="Source Files">
      <UniqueIdentifier>{4FC737F1-C7A5-4376-A066-2A32D752A2FF}</UniqueIdentifier>
      <Extensions>cpp;c;cc;cxx;c++;cppm;ixx;def;odl;idl;hpj;bat;asm;asmx</Extensions>
    </Filter>
    <Filter Include="Header Files">
      <UniqueIdentifier>{93995380-89BD-4b04-88EB-625FBE52EBFB}</UniqueIdentifier>
      <Extensions>h;hh;hpp;hxx;h++;hm;inl;inc;ipp;xsd</Extensions>
    </Filter>
    <Filter Include="Resource Files">
      <UniqueIdentifier>{67DA6AB6-F800-4c08-8B7A-83BB121AAD01}</UniqueIdentifier>
      <Extensions>rc;ico;cur;bmp;dlg;rc2;rct;bin;rgs;gif;jpg;jpeg;jpe;resx;tiff;tif;png;wav;mfcribbon-ms</Extensions>
    </Filter>
  </ItemGroup>
  <ItemGroup>
    <ClInclude Include="project1.h">
      <Filter>Header Files</Filter>
    </ClInclude>
    <ClInclude Include="framework.h">
      <Filter>Header Files</Filter>
    </ClInclude>
    <ClInclude Include="targetver.h">
      <Filter>Header Files</Filter>
    </ClInclude>
    <ClInclude Include="MainFrm.h">
      <Filter>Header Files</Filter>
    </ClInclude>
    <ClInclude Include="ChildFrm.h">
      <Filter>Header Files</Filter>
    </ClInclude>
    <ClInclude Include="project1Doc.h">
      <Filter>Header Files</Filter>
    </ClInclude>
    <ClInclude Include="project1View.h">
      <Filter>Header Files</Filter>
    </ClInclude>
    <ClInclude Include="Resource.h">
      <Filter>Header Files</Filter>
    </ClInclude>
    <ClInclude Include="pch.h">
      <Filter>Header Files</Filter>
    </ClInclude>
    <ClInclude Include="CBrightnessContrastDlg.h">
      <Filter>Header Files</Filter>
    </ClInclude>
    <ClInclude Include="CHsiDlg.h">
      <Filter>Header Files</Filter>
    </ClInclude>
    <ClInclude Include="CYcbCrDlg.h">
      <Filter>Header Files</Filter>
    </ClInclude>
    <ClInclude Include="CHistogramDlg.h">
      <Filter>Header Files</Filter>
    </ClInclude>
    <ClInclude Include="CGammaDlg.h">
      <Filter>Header Files</Filter>
    </ClInclude>
    <ClInclude Include="CSolarizationDlg.h">
      <Filter>Header Files</Filter>
    </ClInclude>
    <ClInclude Include="CPosterizationDlg.h">
      <Filter>Header Files</Filter>
    </ClInclude>
    <ClInclude Include="CBitPlaneDlg.h">
      <Filter>Header Files</Filter>
    </ClInclude>
    <ClInclude Include="CContrastStretchDlg.h">
      <Filter>Header Files</Filter>
    </ClInclude>
    <ClInclude Include="CColorBalanceDlg.h">
      <Filter>Header Files</Filter>
    </ClInclude>
    <ClInclude Include="CFlipRotateDlg.h">
      <Filter>Header Files</Filter>
    </ClInclude>
    <ClInclude Include="CHsvDlg.h">
      <Filter>Header Files</Filter>
    </ClInclude>
    <ClInclude Include="CGraySlicingDlg.h">
      <Filter>Header Files</Filter>
    </ClInclude>
    <ClInclude Include="CHslDlg.h">
      <Filter>Header Files</Filter>
    </ClInclude>
    <ClInclude Include="CInverseLogTransformDlg.h">
      <Filter>Header Files</Filter>
    </ClInclude>
    <ClInclude Include="CLogTransformDlg.h">
      <Filter>Header Files</Filter>
    </ClInclude>
    <ClInclude Include="CPseudoColorDlg.h">
      <Filter>Header Files</Filter>
    </ClInclude>
    <ClInclude Include="COtsuThresholdDlg.h">
      <Filter>Header Files</Filter>
    </ClInclude>
    <ClInclude Include="CBinaryThresholdDlg.h">
      <Filter>Header Files</Filter>
    </ClInclude>
    <ClInclude Include="CLevelsAdjustmentDlg.h">
      <Filter>Header Files</Filter>
    </ClInclude>
    <ClInclude Include="CSigmoidContrastDlg.h">
      <Filter>Header Files</Filter>
    </ClInclude>
    <ClInclude Include="CSepiaToneDlg.h">
      <Filter>Header Files</Filter>
    </ClInclude>
    <ClInclude Include="CChannelIsolationDlg.h">
      <Filter>Header Files</Filter>
    </ClInclude>
    <ClInclude Include="CCurveControl.h">
      <Filter>Header Files</Filter>
    </ClInclude>
    <ClInclude Include="CCurvesAdjustmentDlg.h">
      <Filter>Header Files</Filter>
    </ClInclude>
    <ClInclude Include="CDuotoneDlg.h">
      <Filter>Header Files</Filter>
    </ClInclude>
    <ClInclude Include="CGaussianNoiseDlg.h">
      <Filter>Header Files</Filter>
    </ClInclude>
    <ClInclude Include="CSaltPepperNoiseDlg.h">
      <Filter>Header Files</Filter>
    </ClInclude>
    <ClInclude Include="CVignetteDlg.h">
      <Filter>Header Files</Filter>
    </ClInclude>
    <ClInclude Include="CCmykDlg.h">
      <Filter>Header Files</Filter>
    </ClInclude>
    <ClInclude Include="CQuantumSimDlg.h">
      <Filter>Header Files</Filter>
    </ClInclude>
    <ClInclude Include="CQuantumDPPDlg.h">
      <Filter>Header Files</Filter>
    </ClInclude>
    <ClInclude Include="CColorizeDlg.h">
      <Filter>Header Files</Filter>
    </ClInclude>
    <ClInclude Include="CVibranceDlg.h">
      <Filter>Header Files</Filter>
    </ClInclude>
    <ClInclude Include="CWhiteBalanceDlg.h">
      <Filter>Header Files</Filter>
    </ClInclude>
    <ClInclude Include="CColorReplaceDlg.h">
      <Filter>Header Files</Filter>
    </ClInclude>
    <ClInclude Include="CExposureDlg.h">
      <Filter>Header Files</Filter>
    </ClInclude>
    <ClInclude Include="CLuvDlg.h">
      <Filter>Header Files</Filter>
    </ClInclude>
    <ClInclude Include="CLiftGammaGainDlg.h">
      <Filter>Header Files</Filter>
    </ClInclude>
    <ClInclude Include="CColorPopDlg.h">
      <Filter>Header Files</Filter>
    </ClInclude>
  </ItemGroup>
  <ItemGroup>
    <ClCompile Include="project1.cpp">
      <Filter>Source Files</Filter>
    </ClCompile>
    <ClCompile Include="MainFrm.cpp">
      <Filter>Source Files</Filter>
    </ClCompile>
    <ClCompile Include="ChildFrm.cpp">
      <Filter>Source Files</Filter>
    </ClCompile>
    <ClCompile Include="project1Doc.cpp">
      <Filter>Source Files</Filter>
    </ClCompile>
    <ClCompile Include="project1View.cpp">
      <Filter>Source Files</Filter>
    </ClCompile>
    <ClCompile Include="pch.cpp">
      <Filter>Source Files</Filter>
    </ClCompile>
    <ClCompile Include="CBrightnessContrastDlg.cpp">
      <Filter>Source Files</Filter>
    </ClCompile>
    <ClCompile Include="CHsiDlg.cpp">
      <Filter>Source Files</Filter>
    </ClCompile>
    <ClCompile Include="CYcbCrDlg.cpp">
      <Filter>Source Files</Filter>
    </ClCompile>
    <ClCompile Include="CHistogramDlg.cpp">
      <Filter>Source Files</Filter>
    </ClCompile>
    <ClCompile Include="CGammaDlg.cpp">
      <Filter>Source Files</Filter>
    </ClCompile>
    <ClCompile Include="CSolarizationDlg.cpp">
      <Filter>Source Files</Filter>
    </ClCompile>
    <ClCompile Include="CPosterizationDlg.cpp">
      <Filter>Source Files</Filter>
    </ClCompile>
    <ClCompile Include="CBitPlaneDlg.cpp">
      <Filter>Source Files</Filter>
    </ClCompile>
    <ClCompile Include="CContrastStretchDlg.cpp">
      <Filter>Source Files</Filter>
    </ClCompile>
    <ClCompile Include="CColorBalanceDlg.cpp">
      <Filter>Source Files</Filter>
    </ClCompile>
    <ClCompile Include="CFlipRotateDlg.cpp">
      <Filter>Source Files</Filter>
    </ClCompile>
    <ClCompile Include="CHsvDlg.cpp">
      <Filter>Source Files</Filter>
    </ClCompile>
    <ClCompile Include="CGraySlicingDlg.cpp">
      <Filter>Source Files</Filter>
    </ClCompile>
    <ClCompile Include="CHslDlg.cpp">
      <Filter>Source Files</Filter>
    </ClCompile>
    <ClCompile Include="CInverseLogTransformDlg.cpp">
      <Filter>Source Files</Filter>
    </ClCompile>
    <ClCompile Include="CLogTransformDlg.cpp">
      <Filter>Source Files</Filter>
    </ClCompile>
    <ClCompile Include="CPseudoColorDlg.cpp">
      <Filter>Source Files</Filter>
    </ClCompile>
    <ClCompile Include="COtsuThresholdDlg.cpp">
      <Filter>Source Files</Filter>
    </ClCompile>
    <ClCompile Include="CBinaryThresholdDlg.cpp">
      <Filter>Source Files</Filter>
    </ClCompile>
    <ClCompile Include="CLevelsAdjustmentDlg.cpp">
      <Filter>Source Files</Filter>
    </ClCompile>
    <ClCompile Include="CSigmoidContrastDlg.cpp">
      <Filter>Source Files</Filter>
    </ClCompile>
    <ClCompile Include="CSepiaToneDlg.cpp">
      <Filter>Source Files</Filter>
    </ClCompile>
    <ClCompile Include="CChannelIsolationDlg.cpp">
      <Filter>Source Files</Filter>
    </ClCompile>
    <ClCompile Include="CCurveControl.cpp">
      <Filter>Source Files</Filter>
    </ClCompile>
    <ClCompile Include="CCurvesAdjustmentDlg.cpp">
      <Filter>Source Files</Filter>
    </ClCompile>
    <ClCompile Include="CDuotoneDlg.cpp">
      <Filter>Source Files</Filter>
    </ClCompile>
    <ClCompile Include="CGaussianNoiseDlg.cpp">
      <Filter>Source Files</Filter>
    </ClCompile>
    <ClCompile Include="CSaltPepperNoiseDlg.cpp">
      <Filter>Source Files</Filter>
    </ClCompile>
    <ClCompile Include="CVignetteDlg.cpp">
      <Filter>Source Files</Filter>
    </ClCompile>
    <ClCompile Include="CCmykDlg.cpp">
      <Filter>Source Files</Filter>
    </ClCompile>
    <ClCompile Include="CQuantumSimDlg.cpp">
      <Filter>Source Files</Filter>
    </ClCompile>
    <ClCompile Include="CQuantumDPPDlg.cpp">
      <Filter>Source Files</Filter>
    </ClCompile>
    <ClCompile Include="CColorizeDlg.cpp">
      <Filter>Source Files</Filter>
    </ClCompile>
    <ClCompile Include="CVibranceDlg.cpp">
      <Filter>Source Files</Filter>
    </ClCompile>
    <ClCompile Include="CWhiteBalanceDlg.cpp">
      <Filter>Source Files</Filter>
    </ClCompile>
    <ClCompile Include="CColorReplaceDlg.cpp">
      <Filter>Source Files</Filter>
    </ClCompile>
    <ClCompile Include="CExposureDlg.cpp">
      <Filter>Source Files</Filter>
    </ClCompile>
    <ClCompile Include="CLuvDlg.cpp">
      <Filter>Source Files</Filter>
    </ClCompile>
    <ClCompile Include="CLiftGammaGainDlg.cpp">
      <Filter>Source Files</Filter>
    </ClCompile>
    <ClCompile Include="CColorPopDlg.cpp">
      <Filter>Source Files</Filter>
    </ClCompile>
  </ItemGroup>
  <ItemGroup>
    <ResourceCompile Include="project1.rc">
      <Filter>Resource Files</Filter>
    </ResourceCompile>
  </ItemGroup>
  <ItemGroup>
    <None Include="res\project1.rc2">
      <Filter>Resource Files</Filter>
    </None>
  </ItemGroup>
  <ItemGroup>
    <Image Include="res\project1Doc.ico">
      <Filter>Resource Files</Filter>
    </Image>
    <Image Include="res\project1.ico">
      <Filter>Resource Files</Filter>
    </Image>
    <Image Include="res\Toolbar.bmp">
      <Filter>Resource Files</Filter>
    </Image>
  </ItemGroup>
</Project>